{
    "_readme": [
        "This file locks the dependencies of your project to a known state",
        "Read more about it at https://getcomposer.org/doc/01-basic-usage.md#composer-lock-the-lock-file",
        "This file is @generated automatically"
    ],
    "hash": "0ad93b6739cbf4e6b869217a67663352",
    "content-hash": "f644c02347246394f966497aa2eecdef",
    "packages": [
        {
            "name": "composer/installers",
            "version": "v1.5.0",
            "source": {
                "type": "git",
                "url": "https://github.com/composer/installers.git",
                "reference": "049797d727261bf27f2690430d935067710049c2"
            },
            "dist": {
                "type": "zip",
                "url": "https://api.github.com/repos/composer/installers/zipball/049797d727261bf27f2690430d935067710049c2",
                "reference": "049797d727261bf27f2690430d935067710049c2",
                "shasum": ""
            },
            "require": {
                "composer-plugin-api": "^1.0"
            },
            "replace": {
                "roundcube/plugin-installer": "*",
                "shama/baton": "*"
            },
            "require-dev": {
                "composer/composer": "1.0.*@dev",
                "phpunit/phpunit": "^4.8.36"
            },
            "type": "composer-plugin",
            "extra": {
                "class": "Composer\\Installers\\Plugin",
                "branch-alias": {
                    "dev-master": "1.0-dev"
                }
            },
            "autoload": {
                "psr-4": {
                    "Composer\\Installers\\": "src/Composer/Installers"
                }
            },
            "notification-url": "https://packagist.org/downloads/",
            "license": [
                "MIT"
            ],
            "authors": [
                {
                    "name": "Kyle Robinson Young",
                    "email": "kyle@dontkry.com",
                    "homepage": "https://github.com/shama"
                }
            ],
            "description": "A multi-framework Composer library installer",
            "homepage": "https://composer.github.io/installers/",
            "keywords": [
                "Craft",
                "Dolibarr",
                "Eliasis",
                "Hurad",
                "ImageCMS",
                "Kanboard",
                "Lan Management System",
                "MODX Evo",
                "Mautic",
                "Maya",
                "OXID",
                "Plentymarkets",
                "Porto",
                "RadPHP",
                "SMF",
                "Thelia",
                "WolfCMS",
                "agl",
                "aimeos",
                "annotatecms",
                "attogram",
                "bitrix",
                "cakephp",
                "chef",
                "cockpit",
                "codeigniter",
                "concrete5",
                "croogo",
                "dokuwiki",
                "drupal",
                "eZ Platform",
                "elgg",
                "expressionengine",
                "fuelphp",
                "grav",
                "installer",
                "itop",
                "joomla",
                "kohana",
                "laravel",
                "lavalite",
                "lithium",
                "magento",
                "majima",
                "mako",
                "mediawiki",
                "modulework",
                "modx",
                "moodle",
                "osclass",
                "phpbb",
                "piwik",
                "ppi",
                "puppet",
                "pxcms",
                "reindex",
                "roundcube",
                "shopware",
                "silverstripe",
                "sydes",
                "symfony",
                "typo3",
                "wordpress",
                "yawik",
                "zend",
                "zikula"
            ],
            "time": "2017-12-29 09:13:20"
        },
        {
            "name": "wemakecustom/wp-mu-loader",
            "version": "v1.0.2",
            "source": {
                "type": "git",
                "url": "https://github.com/wemakecustom/wp-mu-loader.git",
                "reference": "36cb5b0939da619dc07392529fa0253d4017bde4"
            },
            "dist": {
                "type": "zip",
                "url": "https://api.github.com/repos/wemakecustom/wp-mu-loader/zipball/36cb5b0939da619dc07392529fa0253d4017bde4",
                "reference": "36cb5b0939da619dc07392529fa0253d4017bde4",
                "shasum": ""
            },
            "require": {
                "composer/installers": "~1.0"
            },
            "suggest": {
                "wemakecustom/wp-mu-composer": "Composer includer"
            },
            "type": "wordpress-muplugin",
            "extra": {
                "installer-name": "mu-loader"
            },
            "notification-url": "https://packagist.org/downloads/",
            "license": [
                "GPL-2.0"
            ],
            "authors": [
                {
                    "name": "WeMakeCustom",
                    "email": "info@wemakecustom.com",
                    "homepage": "http://www.wemakecustom.com"
                }
            ],
            "description": "Enables the loading of Wordpress plugins sitting in mu-plugins (as folders)",
            "keywords": [
                "plugins",
                "wordpress"
            ],
            "time": "2015-01-21 14:32:26"
        },
        {
            "name": "wp-bootstrap-hooks",
            "version": "v0.1.0-beta",
            "source": {
                "type": "git",
                "url": "https://github.com/benignware/wp-bootstrap-hooks.git",
                "reference": "v0.1.0-beta"
            },
            "type": "wordpress-muplugin"
        },
        {
            "name": "wp-responsive-thumbnail",
            "version": "v0.0.1",
            "source": {
                "type": "git",
                "url": "https://github.com/benignware-labs/wp-reponsive-thumbnail.git",
                "reference": "v0.0.1"
            },
            "type": "wordpress-plugin"
        },
        {
            "name": "wp-social-menu-icons",
            "version": "v0.0.1",
            "source": {
                "type": "git",
                "url": "https://github.com/benignware-labs/wp-social-menu-icons.git",
                "reference": "v0.0.1"
            },
            "type": "wordpress-plugin"
        },
        {
            "name": "wp-swiper-shortcode",
            "version": "v0.0.6",
            "source": {
                "type": "git",
                "url": "https://github.com/benignware-labs/wp-swiper-shortcode.git",
                "reference": "v0.0.6"
            },
            "type": "wordpress-plugin"
        },
        {
            "name": "wpackagist-plugin/post-thumbnail-editor",
            "version": "2.4.8",
            "source": {
                "type": "svn",
                "url": "https://plugins.svn.wordpress.org/post-thumbnail-editor/",
                "reference": "tags/2.4.8"
            },
            "dist": {
                "type": "zip",
                "url": "https://downloads.wordpress.org/plugin/post-thumbnail-editor.2.4.8.zip",
                "reference": null,
                "shasum": null
            },
            "require": {
                "composer/installers": "~1.0"
            },
            "type": "wordpress-plugin",
            "homepage": "https://wordpress.org/plugins/post-thumbnail-editor/"
        },
        {
            "name": "wpackagist-plugin/post-type-archive-links",
            "version": "1.3.1",
            "source": {
                "type": "svn",
                "url": "https://plugins.svn.wordpress.org/post-type-archive-links/",
                "reference": "tags/1.3.1"
            },
            "dist": {
                "type": "zip",
                "url": "https://downloads.wordpress.org/plugin/post-type-archive-links.1.3.1.zip",
                "reference": null,
                "shasum": null
            },
            "require": {
                "composer/installers": "~1.0"
            },
            "type": "wordpress-plugin",
            "homepage": "https://wordpress.org/plugins/post-type-archive-links/"
        },
        {
            "name": "wpackagist-plugin/regenerate-thumbnails",
            "version": "3.0.1",
            "source": {
                "type": "svn",
                "url": "https://plugins.svn.wordpress.org/regenerate-thumbnails/",
                "reference": "tags/3.0.1"
            },
            "dist": {
                "type": "zip",
                "url": "https://downloads.wordpress.org/plugin/regenerate-thumbnails.3.0.1.zip",
                "reference": null,
                "shasum": null
            },
            "require": {
                "composer/installers": "~1.0"
            },
            "type": "wordpress-plugin",
            "homepage": "https://wordpress.org/plugins/regenerate-thumbnails/"
        },
        {
            "name": "wpackagist-plugin/thumbnail-upscale",
            "version": "1.1",
            "source": {
                "type": "svn",
                "url": "https://plugins.svn.wordpress.org/thumbnail-upscale/",
                "reference": "tags/1.1"
            },
            "dist": {
                "type": "zip",
                "url": "https://downloads.wordpress.org/plugin/thumbnail-upscale.1.1.zip",
                "reference": null,
                "shasum": null
            },
            "require": {
                "composer/installers": "~1.0"
            },
            "type": "wordpress-plugin",
            "homepage": "https://wordpress.org/plugins/thumbnail-upscale/"
        }
    ],
    "packages-dev": [],
    "aliases": [],
    "minimum-stability": "stable",
    "stability-flags": {
        "wp-bootstrap-hooks": 10
    },
    "prefer-stable": false,
    "prefer-lowest": false,
    "platform": [],
    "platform-dev": []
}
